{
  "name": "@vera/enterprise-automation",
  "version": "0.1.0",
  "lockfileVersion": 3,
  "requires": true,
  "packages": {
    "": {
      "name": "@vera/enterprise-automation",
      "version": "0.1.0",
      "dependencies": {
        "@vera/autonomous-operations": "file:../vera-autonomous-operations",
        "@vera/autonomous-safety": "file:../vera-autonomous-safety",
        "@vera/digital-twin": "file:../vera-digital-twin",
        "@vera/predictive-scheduling": "file:../vera-predictive-scheduling",
        "@vera/vision": "file:../vera-vision",
        "zod": "^3.23.8"
      },
      "devDependencies": {
        "typescript": "^5.3.3"
      }
    },
    "../vera-autonomous-operations": {
      "name": "@vera/autonomous-operations",
      "version": "0.1.0",
      "dependencies": {
        "zod": "^3.23.8"
      },
      "devDependencies": {
        "typescript": "^5.3.3"
      }
    },
    "../vera-autonomous-safety": {
      "name": "@vera/autonomous-safety",
      "version": "0.1.0",
      "dependencies": {
        "zod": "^3.23.8"
      },
      "devDependencies": {
        "typescript": "^5.3.3"
      }
    },
    "../vera-digital-twin": {
      "name": "@vera/digital-twin",
      "version": "0.1.0",
      "dependencies": {
        "zod": "^3.23.8"
      },
      "devDependencies": {
        "typescript": "^5.3.3"
      },
      "peerDependencies": {
        "@vera/intelligence": "0.1.0",
        "@vera/vision": "0.1.0"
      },
      "peerDependenciesMeta": {
        "@vera/intelligence": {
          "optional": true
        },
        "@vera/vision": {
          "optional": true
        }
      }
    },
    "../vera-predictive-scheduling": {
      "name": "@vera/predictive-scheduling",
      "version": "0.1.0",
      "dependencies": {
        "zod": "^3.23.8"
      },
      "devDependencies": {
        "typescript": "^5.3.3"
      }
    },
    "../vera-vision": {
      "name": "@vera/vision",
      "version": "0.1.0",
      "dependencies": {
        "zod": "^3.23.8"
      },
      "devDependencies": {
        "typescript": "^5.3.3"
      }
    },
    "node_modules/@vera/autonomous-operations": {
      "resolved": "../vera-autonomous-operations",
      "link": true
    },
    "node_modules/@vera/autonomous-safety": {
      "resolved": "../vera-autonomous-safety",
      "link": true
    },
    "node_modules/@vera/digital-twin": {
      "resolved": "../vera-digital-twin",
      "link": true
    },
    "node_modules/@vera/predictive-scheduling": {
      "resolved": "../vera-predictive-scheduling",
      "link": true
    },
    "node_modules/@vera/vision": {
      "resolved": "../vera-vision",
      "link": true
    },
    "node_modules/typescript": {
      "version": "5.9.3",
      "resolved": "https://registry.npmjs.org/typescript/-/typescript-5.9.3.tgz",
      "integrity": "sha512-jl1vZzPDinLr9eUt3J/t7V6FgNEw9QjvBPdysz9KfQDD41fQrC2Y4vKQdiaUpFT4bXlb1RHhLpp8wtm6M5TgSw==",
      "dev": true,
      "license": "Apache-2.0",
      "bin": {
        "tsc": "bin/tsc",
        "tsserver": "bin/tsserver"
      },
      "engines": {
        "node": ">=14.17"
      }
    },
    "node_modules/zod": {
      "version": "3.25.76",
      "resolved": "https://registry.npmjs.org/zod/-/zod-3.25.76.tgz",
      "integrity": "sha512-gzUt/qt81nXsFGKIFcC3YnfEAx5NkunCfnDlvuBSSFS02bcXu4Lmea0AFIUwbLWxWPx3d9p8S5QoaujKcNQxcQ==",
      "license": "MIT",
      "funding": {
        "url": "https://github.com/sponsors/colinhacks"
      }
    }
  }
}
